
Microsoft Visual Studio Solution File, Format Version 12.00
# Visual Studio 15
VisualStudioVersion = 15.0.26730.10
MinimumVisualStudioVersion = 10.0.40219.1
Project("{FAE04EC0-301F-11D3-BF4B-00C04F79EFBC}") = "SMS", "SMS\SMS.csproj", "{F3F9EEF0-7ACB-469C-9D12-7A913AA6DF2D}"
EndProject
Project("{FAE04EC0-301F-11D3-BF4B-00C04F79EFBC}") = "SMS.Tests", "SMS.Tests\SMS.Tests.csproj", "{015E66F9-3D60-404A-B4EF-90F0FA26C61B}"
EndProject
Global
	GlobalSection(SolutionConfigurationPlatforms) = preSolution
		Debug|Any CPU = Debug|Any CPU
		Release|Any CPU = Release|Any CPU
	EndGlobalSection
	GlobalSection(ProjectConfigurationPlatforms) = postSolution
		{F3F9EEF0-7ACB-469C-9D12-7A913AA6DF2D}.Debug|Any CPU.ActiveCfg = Debug|Any CPU
		{F3F9EEF0-7ACB-469C-9D12-7A913AA6DF2D}.Debug|Any CPU.Build.0 = Debug|Any CPU
		{F3F9EEF0-7ACB-469C-9D12-7A913AA6DF2D}.Release|Any CPU.ActiveCfg = Release|Any CPU
		{F3F9EEF0-7ACB-469C-9D12-7A913AA6DF2D}.Release|Any CPU.Build.0 = Release|Any CPU
		{015E66F9-3D60-404A-B4EF-90F0FA26C61B}.Debug|Any CPU.ActiveCfg = Debug|Any CPU
		{015E66F9-3D60-404A-B4EF-90F0FA26C61B}.Debug|Any CPU.Build.0 = Debug|Any CPU
		{015E66F9-3D60-404A-B4EF-90F0FA26C61B}.Release|Any CPU.ActiveCfg = Release|Any CPU
		{015E66F9-3D60-404A-B4EF-90F0FA26C61B}.Release|Any CPU.Build.0 = Release|Any CPU
	EndGlobalSection
	GlobalSection(SolutionProperties) = preSolution
		HideSolutionNode = FALSE
	EndGlobalSection
	GlobalSection(ExtensibilityGlobals) = postSolution
		SolutionGuid = {CBFDD6FD-9D61-4905-82DD-65B2F9AB7191}
	EndGlobalSection
EndGlobal
